
Microsoft Visual Studio Solution File, Format Version 12.00
# Visual Studio Version 16
VisualStudioVersion = 16.0.30104.148
MinimumVisualStudioVersion = 10.0.40219.1
Project("{8BC9CEB8-8B4A-11D0-8D11-00A0C91BC942}") = "ranas", "ranas\ranas.vcxproj", "{B6B0F6B7-A674-45A9-8181-4D89484EA663}"
EndProject
Global
	GlobalSection(SolutionConfigurationPlatforms) = preSolution
		Debug|x64 = Debug|x64
		Debug|x86 = Debug|x86
		Release|x64 = Release|x64
		Release|x86 = Release|x86
	EndGlobalSection
	GlobalSection(ProjectConfigurationPlatforms) = postSolution
		{B6B0F6B7-A674-45A9-8181-4D89484EA663}.Debug|x64.ActiveCfg = Debug|x64
		{B6B0F6B7-A674-45A9-8181-4D89484EA663}.Debug|x64.Build.0 = Debug|x64
		{B6B0F6B7-A674-45A9-8181-4D89484EA663}.Debug|x86.ActiveCfg = Debug|Win32
		{B6B0F6B7-A674-45A9-8181-4D89484EA663}.Debug|x86.Build.0 = Debug|Win32
		{B6B0F6B7-A674-45A9-8181-4D89484EA663}.Release|x64.ActiveCfg = Release|x64
		{B6B0F6B7-A674-45A9-8181-4D89484EA663}.Release|x64.Build.0 = Release|x64
		{B6B0F6B7-A674-45A9-8181-4D89484EA663}.Release|x86.ActiveCfg = Release|Win32
		{B6B0F6B7-A674-45A9-8181-4D89484EA663}.Release|x86.Build.0 = Release|Win32
	EndGlobalSection
	GlobalSection(SolutionProperties) = preSolution
		HideSolutionNode = FALSE
	EndGlobalSection
	GlobalSection(ExtensibilityGlobals) = postSolution
		SolutionGuid = {7AD1B4AB-9425-4576-9AB5-D3FBFF170A1F}
	EndGlobalSection
EndGlobal
